
Microsoft Visual Studio Solution File, Format Version 12.00
# Visual Studio Version 17
VisualStudioVersion = 17.8.34525.116
MinimumVisualStudioVersion = 10.0.40219.1
Project("{FAE04EC0-301F-11D3-BF4B-00C04F79EFBC}") = "D365CrmSampleCode.Plugins.MiniExcelSample", "D365CrmSampleCode.Plugins.MiniExcelSample\D365CrmSampleCode.Plugins.MiniExcelSample.csproj", "{DEE37E8A-90D9-4195-BE6C-BD5EA9EEDD9D}"
EndProject
Global
	GlobalSection(SolutionConfigurationPlatforms) = preSolution
		Debug|Any CPU = Debug|Any CPU
		Release|Any CPU = Release|Any CPU
	EndGlobalSection
	GlobalSection(ProjectConfigurationPlatforms) = postSolution
		{DEE37E8A-90D9-4195-BE6C-BD5EA9EEDD9D}.Debug|Any CPU.ActiveCfg = Debug|Any CPU
		{DEE37E8A-90D9-4195-BE6C-BD5EA9EEDD9D}.Debug|Any CPU.Build.0 = Debug|Any CPU
		{DEE37E8A-90D9-4195-BE6C-BD5EA9EEDD9D}.Release|Any CPU.ActiveCfg = Release|Any CPU
		{DEE37E8A-90D9-4195-BE6C-BD5EA9EEDD9D}.Release|Any CPU.Build.0 = Release|Any CPU
	EndGlobalSection
	GlobalSection(SolutionProperties) = preSolution
		HideSolutionNode = FALSE
	EndGlobalSection
	GlobalSection(ExtensibilityGlobals) = postSolution
		SolutionGuid = {2755001A-3E8D-42DD-B5F2-CECD9EE4412A}
	EndGlobalSection
EndGlobal
