
Microsoft Visual Studio Solution File, Format Version 12.00
# Visual Studio Version 17
VisualStudioVersion = 17.8.34525.116
MinimumVisualStudioVersion = 10.0.40219.1
Project("{FAE04EC0-301F-11D3-BF4B-00C04F79EFBC}") = "D365CrmSampleCode.Plugins.MiniExcelSample", "D365CrmSampleCode.Plugins.MiniExcelSample\D365CrmSampleCode.Plugins.MiniExcelSample.csproj", "{DEE37E8A-90D9-4195-BE6C-BD5EA9EEDD9D}"
EndProject
Project("{E24C65DC-7377-472B-9ABA-BC803B73C61A}") = "D365CrmSampleCode.WebResourceProject", "..\D365CrmSampleCode.WebResourceProject\", "{99DC2881-ACE0-458B-A16E-1A4C2663BB05}"
	ProjectSection(WebsiteProperties) = preProject
		TargetFrameworkMoniker = ".NETFramework,Version%3Dv4.7.2"
		Debug.AspNetCompiler.VirtualPath = "/localhost_64784"
		Debug.AspNetCompiler.PhysicalPath = "..\D365CrmSampleCode.WebResourceProject\"
		Debug.AspNetCompiler.TargetPath = "PrecompiledWeb\localhost_64784\"
		Debug.AspNetCompiler.Updateable = "true"
		Debug.AspNetCompiler.ForceOverwrite = "true"
		Debug.AspNetCompiler.FixedNames = "false"
		Debug.AspNetCompiler.Debug = "True"
		Release.AspNetCompiler.VirtualPath = "/localhost_64784"
		Release.AspNetCompiler.PhysicalPath = "..\D365CrmSampleCode.WebResourceProject\"
		Release.AspNetCompiler.TargetPath = "PrecompiledWeb\localhost_64784\"
		Release.AspNetCompiler.Updateable = "true"
		Release.AspNetCompiler.ForceOverwrite = "true"
		Release.AspNetCompiler.FixedNames = "false"
		Release.AspNetCompiler.Debug = "False"
		VWDPort = "64784"
		SlnRelativePath = "..\D365CrmSampleCode.WebResourceProject\"
		DefaultWebSiteLanguage = "Visual C#"
	EndProjectSection
EndProject
Project("{FAE04EC0-301F-11D3-BF4B-00C04F79EFBC}") = "D365CrmSampleCode.Plugins.Test", "D365CrmSampleCode.Plugins.Test\D365CrmSampleCode.Plugins.Test.csproj", "{44A9FAE1-332C-456A-9AD6-31F07E3F09CB}"
EndProject
Global
	GlobalSection(SolutionConfigurationPlatforms) = preSolution
		Debug|Any CPU = Debug|Any CPU
		Release|Any CPU = Release|Any CPU
	EndGlobalSection
	GlobalSection(ProjectConfigurationPlatforms) = postSolution
		{DEE37E8A-90D9-4195-BE6C-BD5EA9EEDD9D}.Debug|Any CPU.ActiveCfg = Debug|Any CPU
		{DEE37E8A-90D9-4195-BE6C-BD5EA9EEDD9D}.Debug|Any CPU.Build.0 = Debug|Any CPU
		{DEE37E8A-90D9-4195-BE6C-BD5EA9EEDD9D}.Release|Any CPU.ActiveCfg = Release|Any CPU
		{DEE37E8A-90D9-4195-BE6C-BD5EA9EEDD9D}.Release|Any CPU.Build.0 = Release|Any CPU
		{99DC2881-ACE0-458B-A16E-1A4C2663BB05}.Debug|Any CPU.ActiveCfg = Debug|Any CPU
		{99DC2881-ACE0-458B-A16E-1A4C2663BB05}.Debug|Any CPU.Build.0 = Debug|Any CPU
		{99DC2881-ACE0-458B-A16E-1A4C2663BB05}.Release|Any CPU.ActiveCfg = Debug|Any CPU
		{99DC2881-ACE0-458B-A16E-1A4C2663BB05}.Release|Any CPU.Build.0 = Debug|Any CPU
		{44A9FAE1-332C-456A-9AD6-31F07E3F09CB}.Debug|Any CPU.ActiveCfg = Debug|Any CPU
		{44A9FAE1-332C-456A-9AD6-31F07E3F09CB}.Debug|Any CPU.Build.0 = Debug|Any CPU
		{44A9FAE1-332C-456A-9AD6-31F07E3F09CB}.Release|Any CPU.ActiveCfg = Release|Any CPU
		{44A9FAE1-332C-456A-9AD6-31F07E3F09CB}.Release|Any CPU.Build.0 = Release|Any CPU
	EndGlobalSection
	GlobalSection(SolutionProperties) = preSolution
		HideSolutionNode = FALSE
	EndGlobalSection
	GlobalSection(ExtensibilityGlobals) = postSolution
		SolutionGuid = {2755001A-3E8D-42DD-B5F2-CECD9EE4412A}
	EndGlobalSection
EndGlobal
